<?xml version="1.0" encoding="utf-8"?>
<Project ToolsVersion="4.0" xmlns="http://schemas.microsoft.com/developer/msbuild/2003">
  <ItemGroup>
    <Filter Include="ソース ファイル">
      <UniqueIdentifier>{4FC737F1-C7A5-4376-A066-2A32D752A2FF}</UniqueIdentifier>
      <Extensions>cpp;c;cc;cxx;c++;cppm;ixx;def;odl;idl;hpj;bat;asm;asmx</Extensions>
    </Filter>
    <Filter Include="ヘッダー ファイル">
      <UniqueIdentifier>{93995380-89BD-4b04-88EB-625FBE52EBFB}</UniqueIdentifier>
      <Extensions>h;hh;hpp;hxx;h++;hm;inl;inc;ipp;xsd</Extensions>
    </Filter>
    <Filter Include="リソース ファイル">
      <UniqueIdentifier>{67DA6AB6-F800-4c08-8B7A-83BB121AAD01}</UniqueIdentifier>
      <Extensions>rc;ico;cur;bmp;dlg;rc2;rct;bin;rgs;gif;jpg;jpeg;jpe;resx;tiff;tif;png;wav;mfcribbon-ms</Extensions>
    </Filter>
    <Filter Include="imgui">
      <UniqueIdentifier>{16925c7a-36b1-41a6-ab0f-bbcef653c06b}</UniqueIdentifier>
    </Filter>
    <Filter Include="ソース ファイル\project">
      <UniqueIdentifier>{4b5f5f3b-3516-418d-8440-4b9777b0e117}</UniqueIdentifier>
    </Filter>
    <Filter Include="ソース ファイル\project\engine">
      <UniqueIdentifier>{9fff569b-200e-44c0-8445-764390b7b15c}</UniqueIdentifier>
    </Filter>
    <Filter Include="ソース ファイル\project\engine\2d">
      <UniqueIdentifier>{5faa8b75-c706-4ff3-bceb-6b3cc81f1782}</UniqueIdentifier>
    </Filter>
    <Filter Include="ソース ファイル\project\engine\3d">
      <UniqueIdentifier>{86159e9b-6612-4efb-9808-e0d2f41e0651}</UniqueIdentifier>
    </Filter>
    <Filter Include="ソース ファイル\project\engine\audio">
      <UniqueIdentifier>{113da582-1be0-4e9d-9125-fda6a6b1be8a}</UniqueIdentifier>
    </Filter>
    <Filter Include="ソース ファイル\project\engine\io">
      <UniqueIdentifier>{42a1ac32-1a92-46bf-bc6a-80f7c3ebd3d0}</UniqueIdentifier>
    </Filter>
    <Filter Include="ソース ファイル\project\engine\base">
      <UniqueIdentifier>{5113dfac-ae46-4d99-ae68-304ad44f6ebf}</UniqueIdentifier>
    </Filter>
    <Filter Include="ソース ファイル\project\engine\Mymath">
      <UniqueIdentifier>{0f04dc59-410d-4a28-ac1e-721de1191750}</UniqueIdentifier>
    </Filter>
    <Filter Include="ソース ファイル\project\engine\scene">
      <UniqueIdentifier>{14934026-aa22-49b4-bb6c-1388abba9f48}</UniqueIdentifier>
    </Filter>
    <Filter Include="ヘッダー ファイル\project">
      <UniqueIdentifier>{8dee5fc8-ba39-44ce-be86-ece0bd280f78}</UniqueIdentifier>
    </Filter>
    <Filter Include="ヘッダー ファイル\project\engine">
      <UniqueIdentifier>{dc04c2f9-9f8c-4080-8983-8c263e4197a9}</UniqueIdentifier>
    </Filter>
    <Filter Include="ヘッダー ファイル\project\engine\2d">
      <UniqueIdentifier>{bfe2e8c6-c35f-45b8-bac9-6453703d1413}</UniqueIdentifier>
    </Filter>
    <Filter Include="ヘッダー ファイル\project\engine\3d">
      <UniqueIdentifier>{debe1135-c240-442f-830d-95dd68e59223}</UniqueIdentifier>
    </Filter>
    <Filter Include="ヘッダー ファイル\project\engine\audio">
      <UniqueIdentifier>{4e336182-cea3-466d-b909-0dc9cc10b34a}</UniqueIdentifier>
    </Filter>
    <Filter Include="ヘッダー ファイル\project\engine\io">
      <UniqueIdentifier>{2e057ab1-8b4b-4840-b968-5215ce2bcd2f}</UniqueIdentifier>
    </Filter>
    <Filter Include="ヘッダー ファイル\project\engine\base">
      <UniqueIdentifier>{8fbb4b71-a174-4bee-a8cb-7c56f69093d7}</UniqueIdentifier>
    </Filter>
    <Filter Include="ヘッダー ファイル\project\engine\Mymath">
      <UniqueIdentifier>{178247a2-59c2-412e-8168-26797aec71c9}</UniqueIdentifier>
    </Filter>
    <Filter Include="ヘッダー ファイル\project\engine\scene">
      <UniqueIdentifier>{98866e36-23be-44a8-9542-1085e748236d}</UniqueIdentifier>
    </Filter>
    <Filter Include="ソース ファイル\project\application">
      <UniqueIdentifier>{caf27385-fe77-40ff-b41a-3c9bd1ff1e03}</UniqueIdentifier>
    </Filter>
  </ItemGroup>
  <ItemGroup>
    <ClCompile Include="main.cpp">
      <Filter>ソース ファイル</Filter>
    </ClCompile>
    <ClCompile Include="externals\imgui\imgui.cpp">
      <Filter>imgui</Filter>
    </ClCompile>
    <ClCompile Include="externals\imgui\imgui_demo.cpp">
      <Filter>imgui</Filter>
    </ClCompile>
    <ClCompile Include="externals\imgui\imgui_draw.cpp">
      <Filter>imgui</Filter>
    </ClCompile>
    <ClCompile Include="externals\imgui\imgui_impl_dx12.cpp">
      <Filter>imgui</Filter>
    </ClCompile>
    <ClCompile Include="externals\imgui\imgui_impl_win32.cpp">
      <Filter>imgui</Filter>
    </ClCompile>
    <ClCompile Include="externals\imgui\imgui_tables.cpp">
      <Filter>imgui</Filter>
    </ClCompile>
    <ClCompile Include="externals\imgui\imgui_widgets.cpp">
      <Filter>imgui</Filter>
    </ClCompile>
    <ClCompile Include="project\engine\base\D3DResourceLeakChecker.cpp">
      <Filter>ソース ファイル\project\engine\base</Filter>
    </ClCompile>
    <ClCompile Include="project\engine\base\DirectXCommon.cpp">
      <Filter>ソース ファイル\project\engine\base</Filter>
    </ClCompile>
    <ClCompile Include="project\engine\io\Input.cpp">
      <Filter>ソース ファイル\project\engine\io</Filter>
    </ClCompile>
    <ClCompile Include="project\engine\base\Logger.cpp">
      <Filter>ソース ファイル\project\engine\base</Filter>
    </ClCompile>
    <ClCompile Include="project\engine\Mymath\Mymath.cpp">
      <Filter>ソース ファイル\project\engine\Mymath</Filter>
    </ClCompile>
    <ClCompile Include="project\engine\2d\Sprite.cpp">
      <Filter>ソース ファイル\project\engine\2d</Filter>
    </ClCompile>
    <ClCompile Include="project\engine\2d\SpriteCommon.cpp">
      <Filter>ソース ファイル\project\engine\2d</Filter>
    </ClCompile>
    <ClCompile Include="project\engine\base\StringUtility.cpp">
      <Filter>ソース ファイル\project\engine\base</Filter>
    </ClCompile>
    <ClCompile Include="project\engine\base\TextureManager.cpp">
      <Filter>ソース ファイル\project\engine\base</Filter>
    </ClCompile>
    <ClCompile Include="project\engine\base\WinApp.cpp">
      <Filter>ソース ファイル\project\engine\base</Filter>
    </ClCompile>
  </ItemGroup>
  <ItemGroup>
    <FxCompile Include="resources\shaders\Object3d.VS.hlsl" />
    <FxCompile Include="resources\shaders\Object3d.PS.hlsl" />
  </ItemGroup>
  <ItemGroup>
    <ClInclude Include="externals\imgui\imconfig.h">
      <Filter>imgui</Filter>
    </ClInclude>
    <ClInclude Include="externals\imgui\imgui.h">
      <Filter>imgui</Filter>
    </ClInclude>
    <ClInclude Include="externals\imgui\imgui_impl_dx12.h">
      <Filter>imgui</Filter>
    </ClInclude>
    <ClInclude Include="externals\imgui\imgui_impl_win32.h">
      <Filter>imgui</Filter>
    </ClInclude>
    <ClInclude Include="externals\imgui\imgui_internal.h">
      <Filter>imgui</Filter>
    </ClInclude>
    <ClInclude Include="externals\imgui\imstb_rectpack.h">
      <Filter>imgui</Filter>
    </ClInclude>
    <ClInclude Include="externals\imgui\imstb_textedit.h">
      <Filter>imgui</Filter>
    </ClInclude>
    <ClInclude Include="externals\imgui\imstb_truetype.h">
      <Filter>imgui</Filter>
    </ClInclude>
    <ClInclude Include="project\engine\io\Input.h">
      <Filter>ヘッダー ファイル\project\engine\io</Filter>
    </ClInclude>
    <ClInclude Include="project\engine\Mymath\Mymath.h">
      <Filter>ヘッダー ファイル\project\engine\Mymath</Filter>
    </ClInclude>
    <ClInclude Include="project\engine\base\StringUtility.h">
      <Filter>ヘッダー ファイル\project\engine\base</Filter>
    </ClInclude>
    <ClInclude Include="project\engine\base\TextureManager.h">
      <Filter>ヘッダー ファイル\project\engine\base</Filter>
    </ClInclude>
    <ClInclude Include="project\engine\base\WinApp.h">
      <Filter>ヘッダー ファイル\project\engine\base</Filter>
    </ClInclude>
    <ClInclude Include="project\engine\base\D3DResourceLeakChecker.h">
      <Filter>ヘッダー ファイル\project\engine\base</Filter>
    </ClInclude>
    <ClInclude Include="project\engine\base\DirectXCommon.h">
      <Filter>ヘッダー ファイル\project\engine\base</Filter>
    </ClInclude>
    <ClInclude Include="project\engine\base\Logger.h">
      <Filter>ヘッダー ファイル\project\engine\base</Filter>
    </ClInclude>
    <ClInclude Include="project\engine\2d\Sprite.h">
      <Filter>ヘッダー ファイル\project\engine\2d</Filter>
    </ClInclude>
    <ClInclude Include="project\engine\2d\SpriteCommon.h">
      <Filter>ヘッダー ファイル\project\engine\2d</Filter>
    </ClInclude>
  </ItemGroup>
  <ItemGroup>
    <Text Include="externals\imgui\LICENSE.txt">
      <Filter>imgui</Filter>
    </Text>
  </ItemGroup>
  <ItemGroup>
    <None Include="resources\shaders\Object3d.hlsli" />
  </ItemGroup>
</Project>